
Microsoft Visual Studio Solution File, Format Version 12.00
# Visual Studio Version 17
VisualStudioVersion = 17.14.36414.22
MinimumVisualStudioVersion = 10.0.40219.1
Project("{FAE04EC0-301F-11D3-BF4B-00C04F79EFBC}") = "pizza_mama", "pizza_mama\pizza_mama.csproj", "{9357C81A-7B2C-4A2F-A194-83CA1191F746}"
EndProject
Global
	GlobalSection(SolutionConfigurationPlatforms) = preSolution
		Debug|Any CPU = Debug|Any CPU
		Release|Any CPU = Release|Any CPU
	EndGlobalSection
	GlobalSection(ProjectConfigurationPlatforms) = postSolution
		{9357C81A-7B2C-4A2F-A194-83CA1191F746}.Debug|Any CPU.ActiveCfg = Debug|Any CPU
		{9357C81A-7B2C-4A2F-A194-83CA1191F746}.Debug|Any CPU.Build.0 = Debug|Any CPU
		{9357C81A-7B2C-4A2F-A194-83CA1191F746}.Release|Any CPU.ActiveCfg = Release|Any CPU
		{9357C81A-7B2C-4A2F-A194-83CA1191F746}.Release|Any CPU.Build.0 = Release|Any CPU
	EndGlobalSection
	GlobalSection(SolutionProperties) = preSolution
		HideSolutionNode = FALSE
	EndGlobalSection
	GlobalSection(ExtensibilityGlobals) = postSolution
		SolutionGuid = {73881905-0D51-4125-A070-C1721B6A2D94}
	EndGlobalSection
EndGlobal
